
Microsoft Visual Studio Solution File, Format Version 11.00
# Visual Studio 2010
Project("{FAE04EC0-301F-11D3-BF4B-00C04F79EFBC}") = "GenerateWorld", "Assembly-CSharp.csproj", "{65D6641D-DE3B-1B2B-128E-FF67707F311F}"
EndProject
Project("{FAE04EC0-301F-11D3-BF4B-00C04F79EFBC}") = "GenerateWorld", "Assembly-CSharp-Editor.csproj", "{9F5235C9-1D08-398E-AD7B-5284C3E55012}"
EndProject
Global
	GlobalSection(SolutionConfigurationPlatforms) = preSolution
		Debug|Any CPU = Debug|Any CPU
		Release|Any CPU = Release|Any CPU
	EndGlobalSection
	GlobalSection(ProjectConfigurationPlatforms) = postSolution
		{65D6641D-DE3B-1B2B-128E-FF67707F311F}.Debug|Any CPU.ActiveCfg = Debug|Any CPU
		{65D6641D-DE3B-1B2B-128E-FF67707F311F}.Debug|Any CPU.Build.0 = Debug|Any CPU
		{65D6641D-DE3B-1B2B-128E-FF67707F311F}.Release|Any CPU.ActiveCfg = Release|Any CPU
		{65D6641D-DE3B-1B2B-128E-FF67707F311F}.Release|Any CPU.Build.0 = Release|Any CPU
		{9F5235C9-1D08-398E-AD7B-5284C3E55012}.Debug|Any CPU.ActiveCfg = Debug|Any CPU
		{9F5235C9-1D08-398E-AD7B-5284C3E55012}.Debug|Any CPU.Build.0 = Debug|Any CPU
		{9F5235C9-1D08-398E-AD7B-5284C3E55012}.Release|Any CPU.ActiveCfg = Release|Any CPU
		{9F5235C9-1D08-398E-AD7B-5284C3E55012}.Release|Any CPU.Build.0 = Release|Any CPU
	EndGlobalSection
	GlobalSection(SolutionProperties) = preSolution
		HideSolutionNode = FALSE
	EndGlobalSection
	GlobalSection(MonoDevelopProperties) = preSolution
		StartupItem = Assembly-CSharp.csproj
	EndGlobalSection
EndGlobal
